<?xml version="1.0" encoding="utf-8"?>
<Project ToolsVersion="4.0" xmlns="http://schemas.microsoft.com/developer/msbuild/2003">
  <ItemGroup>
    <ClCompile Include="user\AdvCommands.cpp" />
    <ClCompile Include="user\Hooks\AdvMain.cpp" />
    <ClCompile Include="user\Hooks\Enums.cpp" />
    <ClCompile Include="user\Hooks\AdvScriptReader.cpp" />
    <ClCompile Include="user\Hooks\EventFlagManager.cpp" />
    <ClCompile Include="user\Hooks\ScriptWork.cpp" />
    <ClCompile Include="user\Hooks\NpcDataManager.cpp" />
    <ClCompile Include="user\Hooks\Hooks.cpp" />
    <ClCompile Include="framework\pch-il2cpp.cpp" />
    <ClCompile Include="user\Main.cpp" />
    <ClCompile Include="framework\il2cpp-init.cpp" />
    <ClCompile Include="framework\helpers.cpp" />
    <ClCompile Include="framework\dllmain.cpp" />
    <ClCompile Include="user\DebugMenu.cpp" />
    <ClCompile Include="user\Hooks\ConditionsForLoverJudgment.cpp" />
    <ClCompile Include="user\Hooks\AdvScript.cpp" />
    <ClCompile Include="user\kiero.cpp" />
    <ClCompile Include="user\RigbarthCommands.cpp" />
    <ClCompile Include="user\Constants.cpp" />
    <ClCompile Include="user\logging.cpp" />
  </ItemGroup>
  <ItemGroup>
    <ClInclude Include="user\Constants.hpp" />
    <ClInclude Include="user\AdvCommands.hpp" />
    <ClInclude Include="user\Hooks\Enums.hpp" />
    <ClInclude Include="user\Hooks\AdvMain.hpp" />
    <ClInclude Include="user\Hooks\AdvScriptReader.hpp" />
    <ClInclude Include="user\Hooks\ConditionsForLoverJudgment.hpp" />
    <ClInclude Include="user\Hooks\EventFlagManager.hpp" />
    <ClInclude Include="user\Hooks\NpcDataManager.hpp" />
    <ClInclude Include="user\Hooks\ScriptWork.hpp" />
    <ClInclude Include="user\kiero.h" />
    <ClInclude Include="user\DebugMenu.hpp" />
    <ClInclude Include="framework\helpers.h" />
    <ClInclude Include="user\Hooks\Hooks.hpp" />
    <ClInclude Include="appdata\il2cpp-api-functions.h" />
    <ClInclude Include="appdata\il2cpp-api-functions-ptr.h" />
    <ClInclude Include="framework\il2cpp-appdata.h" />
    <ClInclude Include="appdata\il2cpp-functions.h" />
    <ClInclude Include="framework\il2cpp-init.h" />
    <ClInclude Include="appdata\il2cpp-metadata-version.h" />
    <ClInclude Include="appdata\il2cpp-types.h" />
    <ClInclude Include="appdata\il2cpp-types-ptr.h" />
    <ClInclude Include="user\Main.hpp" />
    <ClInclude Include="framework\pch-il2cpp.h" />
    <ClInclude Include="user\RigbarthCommands.hpp" />
    <ClInclude Include="user\logging.hpp" />
  </ItemGroup>
</Project>